
Microsoft Visual Studio Solution File, Format Version 12.00
# Visual Studio 15
VisualStudioVersion = 15.0.28307.329
MinimumVisualStudioVersion = 10.0.40219.1
Project("{FAE04EC0-301F-11D3-BF4B-00C04F79EFBC}") = "DataStructures.Library", "DataStructuresLibrary\DataStructures.Library.csproj", "{C5217D45-5B18-47F2-8F3F-17BB9B0663F4}"
EndProject
Project("{FAE04EC0-301F-11D3-BF4B-00C04F79EFBC}") = "DataStructures.Tests", "DataStructuresTests\DataStructures.Tests.csproj", "{577C6914-30C4-4A4E-9516-1EE5D22432CC}"
EndProject
Global
	GlobalSection(SolutionConfigurationPlatforms) = preSolution
		Debug|Any CPU = Debug|Any CPU
		Release|Any CPU = Release|Any CPU
	EndGlobalSection
	GlobalSection(ProjectConfigurationPlatforms) = postSolution
		{C5217D45-5B18-47F2-8F3F-17BB9B0663F4}.Debug|Any CPU.ActiveCfg = Debug|Any CPU
		{C5217D45-5B18-47F2-8F3F-17BB9B0663F4}.Debug|Any CPU.Build.0 = Debug|Any CPU
		{C5217D45-5B18-47F2-8F3F-17BB9B0663F4}.Release|Any CPU.ActiveCfg = Release|Any CPU
		{C5217D45-5B18-47F2-8F3F-17BB9B0663F4}.Release|Any CPU.Build.0 = Release|Any CPU
		{577C6914-30C4-4A4E-9516-1EE5D22432CC}.Debug|Any CPU.ActiveCfg = Debug|Any CPU
		{577C6914-30C4-4A4E-9516-1EE5D22432CC}.Debug|Any CPU.Build.0 = Debug|Any CPU
		{577C6914-30C4-4A4E-9516-1EE5D22432CC}.Release|Any CPU.ActiveCfg = Release|Any CPU
		{577C6914-30C4-4A4E-9516-1EE5D22432CC}.Release|Any CPU.Build.0 = Release|Any CPU
	EndGlobalSection
	GlobalSection(SolutionProperties) = preSolution
		HideSolutionNode = FALSE
	EndGlobalSection
	GlobalSection(ExtensibilityGlobals) = postSolution
		SolutionGuid = {FC27FCF3-69A1-4622-B0A9-A3FFFEEFE56C}
	EndGlobalSection
EndGlobal
