# This file is automatically @generated by Cargo.
# It is not intended for manual editing.
[[package]]
name = "dir_size"
version = "0.1.0"
dependencies = [
 "humansize",
]

[[package]]
name = "humansize"
version = "1.1.1"
source = "registry+https://github.com/rust-lang/crates.io-index"
checksum = "02296996cb8796d7c6e3bc2d9211b7802812d36999a51bb754123ead7d37d026"
